
Microsoft Visual Studio Solution File, Format Version 12.00
# Visual Studio Version 17
VisualStudioVersion = 17.3.32929.385
MinimumVisualStudioVersion = 10.0.40219.1
Project("{FAE04EC0-301F-11D3-BF4B-00C04F79EFBC}") = "[作業(Exec_For04)]-21謝孟勳", "[作業(Exec_For04)]-21謝孟勳\[作業(Exec_For04)]-21謝孟勳.csproj", "{1508D351-37DA-4745-AAFF-455EB979A024}"
EndProject
Global
	GlobalSection(SolutionConfigurationPlatforms) = preSolution
		Debug|Any CPU = Debug|Any CPU
		Release|Any CPU = Release|Any CPU
	EndGlobalSection
	GlobalSection(ProjectConfigurationPlatforms) = postSolution
		{1508D351-37DA-4745-AAFF-455EB979A024}.Debug|Any CPU.ActiveCfg = Debug|Any CPU
		{1508D351-37DA-4745-AAFF-455EB979A024}.Debug|Any CPU.Build.0 = Debug|Any CPU
		{1508D351-37DA-4745-AAFF-455EB979A024}.Release|Any CPU.ActiveCfg = Release|Any CPU
		{1508D351-37DA-4745-AAFF-455EB979A024}.Release|Any CPU.Build.0 = Release|Any CPU
	EndGlobalSection
	GlobalSection(SolutionProperties) = preSolution
		HideSolutionNode = FALSE
	EndGlobalSection
	GlobalSection(ExtensibilityGlobals) = postSolution
		SolutionGuid = {A264C4DF-25C7-4F20-AF9A-EEE6E899A05B}
	EndGlobalSection
EndGlobal
